{
    "_readme": [
        "This file locks the dependencies of your project to a known state",
        "Read more about it at https://getcomposer.org/doc/01-basic-usage.md#composer-lock-the-lock-file",
        "This file is @generated automatically"
    ],
    "hash": "a36f23d8a94ceae5468f2865b5c61749",
    "content-hash": "872f3b9afb222b3ce2d9f07b5a5ce051",
    "packages": [
        {
            "name": "BaseCmp",
            "version": "1.0.0",
            "source": {
                "type": "git",
                "url": "https://ohanzlk@bitbucket.org/ohanzlk/basecmp.git",
                "reference": "ae58e1550de1e2b26648fa548105d9f8a2d3eea5"
            },
            "type": "library",
            "authors": [
                {
                    "name": "mrfazolka",
                    "email": "mrfazolka@gmail.com"
                }
            ],
            "description": "Base for SmartCmps",
            "time": "2016-05-28 23:18:08"
        },
        {
            "name": "TextCmp",
            "version": "1.0.0",
            "source": {
                "type": "git",
                "url": "https://ohanzlk@bitbucket.org/ohanzlk/textcmp.git",
                "reference": "c7120f04e5651b3f36b941d60fa2f7964745085b"
            },
            "type": "library",
            "authors": [
                {
                    "name": "mrfazolka",
                    "email": "mrfazolka@gmail.com"
                }
            ],
            "description": "SmartCmp for text editing",
            "time": "2016-05-29 00:24:12"
        }
    ],
    "packages-dev": [],
    "aliases": [],
    "minimum-stability": "stable",
    "stability-flags": [],
    "prefer-stable": false,
    "prefer-lowest": false,
    "platform": [],
    "platform-dev": []
}
